{
  "pins" : [
    {
      "identity" : "libaom.swift",
      "kind" : "remoteSourceControl",
      "location" : "https://github.com/awxkee/libaom.swift.git",
      "state" : {
        "revision" : "17ed302a68f6dc31e34ecf2a5b426ba8a667deac",
        "version" : "1.1.0"
      }
    },
    {
      "identity" : "libdav1d.swift",
      "kind" : "remoteSourceControl",
      "location" : "https://github.com/awxkee/libdav1d.swift.git",
      "state" : {
        "revision" : "56f7037e7af7646f1d02bdcd16f5032e9d66e4d1",
        "version" : "1.2.0"
      }
    },
    {
      "identity" : "libsvtav1enc.swift",
      "kind" : "remoteSourceControl",
      "location" : "https://github.com/awxkee/libsvtav1enc.swift",
      "state" : {
        "revision" : "551a675778aa0dda6d23653ef3d0fc37a8d33c08",
        "version" : "1.1.0"
      }
    },
    {
      "identity" : "libwebp-ios",
      "kind" : "remoteSourceControl",
      "location" : "https://github.com/op06072/libwebp-ios.git",
      "state" : {
        "revision" : "28b5ec0a2f8e1536cb097365c36912b858578cae",
        "version" : "1.2.0"
      }
    },
    {
      "identity" : "libyuv.swift",
      "kind" : "remoteSourceControl",
      "location" : "https://github.com/awxkee/libyuv.swift.git",
      "state" : {
        "revision" : "810842f196c65b77a39c2f32080225166b0e8f87",
        "version" : "1.1.0"
      }
    },
    {
      "identity" : "nuke",
      "kind" : "remoteSourceControl",
      "location" : "https://github.com/kean/Nuke.git",
      "state" : {
        "revision" : "0ead44350d2737db384908569c012fe67c421e4d",
        "version" : "12.8.0"
      }
    },
    {
      "identity" : "sdwebimage",
      "kind" : "remoteSourceControl",
      "location" : "https://github.com/SDWebImage/SDWebImage.git",
      "state" : {
        "revision" : "10d06f6a33bafae8c164fbfd1f03391f6d4692b3",
        "version" : "5.20.0"
      }
    }
  ],
  "version" : 2
}
