{
  "pins" : [
    {
      "identity" : "libaom-xcode",
      "kind" : "remoteSourceControl",
      "location" : "https://github.com/op06072/libaom-Xcode.git",
      "state" : {
        "branch" : "aomV3",
        "revision" : "5425ccb384ccf1fb36f2975b39ea3229da36add9"
      }
    },
    {
      "identity" : "libavif-xcode",
      "kind" : "remoteSourceControl",
      "location" : "https://github.com/op06072/libavif-Xcode.git",
      "state" : {
        "branch" : "warden",
        "revision" : "7ff1612df11d838b8fd988f599a94c34b7970031"
      }
    },
    {
      "identity" : "libvmaf-xcode",
      "kind" : "remoteSourceControl",
      "location" : "https://github.com/SDWebImage/libvmaf-Xcode.git",
      "state" : {
        "revision" : "9b116c9bd6e292a5564119915ba4a074085ea979",
        "version" : "2.3.0"
      }
    },
    {
      "identity" : "libyuv.swift",
      "kind" : "remoteSourceControl",
      "location" : "https://github.com/awxkee/libyuv.swift.git",
      "state" : {
        "revision" : "810842f196c65b77a39c2f32080225166b0e8f87",
        "version" : "1.1.0"
      }
    },
    {
      "identity" : "nuke",
      "kind" : "remoteSourceControl",
      "location" : "https://github.com/kean/Nuke.git",
      "state" : {
        "revision" : "0ead44350d2737db384908569c012fe67c421e4d",
        "version" : "12.8.0"
      }
    },
    {
      "identity" : "sdwebimage",
      "kind" : "remoteSourceControl",
      "location" : "https://github.com/SDWebImage/SDWebImage.git",
      "state" : {
        "branch" : "master",
        "revision" : "15f6675966dafc3228e061b8e7e4f450286d274a"
      }
    }
  ],
  "version" : 2
}
